
Microsoft Visual Studio Solution File, Format Version 12.00
# Visual Studio Version 17
VisualStudioVersion = 17.9.34728.123
MinimumVisualStudioVersion = 10.0.40219.1
Project("{9A19103F-16F7-4668-BE54-9A1E7A4F7556}") = "StructureProgramming", "StructureProgramming\StructureProgramming.csproj", "{AD33D96A-4CF9-48F0-81E3-E2D27F3095B8}"
EndProject
Project("{9A19103F-16F7-4668-BE54-9A1E7A4F7556}") = "ObjectOrientedProgramming", "ObjectOrientedProgramming\ObjectOrientedProgramming.csproj", "{BF25F642-7799-48F8-BF55-4FFC1B5D8344}"
EndProject
Project("{9A19103F-16F7-4668-BE54-9A1E7A4F7556}") = "FunctionalProgramming", "FunctionalProgramming\FunctionalProgramming.csproj", "{3D062DF4-74DA-495C-BDE1-AB7E678407FF}"
EndProject
Project("{9A19103F-16F7-4668-BE54-9A1E7A4F7556}") = "SOLID", "SOLID\SOLID.csproj", "{B60C1806-30D9-4C3E-AAA1-BE48650ACF77}"
EndProject
Project("{9A19103F-16F7-4668-BE54-9A1E7A4F7556}") = "TestComponent", "TestComponent\TestComponent.csproj", "{C29C0ECA-A544-4AE9-A71C-69414FAAAB52}"
EndProject
Project("{9A19103F-16F7-4668-BE54-9A1E7A4F7556}") = "OperationComponent", "OperationComponent\OperationComponent.csproj", "{008FF26B-2937-40FD-86DE-86A5FF26A7D9}"
EndProject
Project("{9A19103F-16F7-4668-BE54-9A1E7A4F7556}") = "BeersRepositoryComponent", "BeersRepositoryComponent\BeersRepositoryComponent.csproj", "{B6C7F64B-5307-44E8-9667-E61A27575B7C}"
EndProject
Project("{9A19103F-16F7-4668-BE54-9A1E7A4F7556}") = "BusinessComponent", "BusinessComponent\BusinessComponent.csproj", "{6D32D809-D2F7-46C6-B988-01456210D95D}"
EndProject
Project("{9A19103F-16F7-4668-BE54-9A1E7A4F7556}") = "RepositoryComponent", "RepositoryComponent\RepositoryComponent.csproj", "{E99F730C-07E0-4169-881F-AFCEA4C728AE}"
EndProject
Project("{2150E333-8FDC-42A3-9474-1A3956D46DE8}") = "Clean Architecture", "Clean Architecture", "{01C57AB1-4F7A-40F6-8B22-46B630B28CAA}"
EndProject
Project("{FAE04EC0-301F-11D3-BF4B-00C04F79EFBC}") = "CA-EnterpriseLayer", "CA-EnterpriseLayer\CA-EnterpriseLayer.csproj", "{FB31F867-B299-4A98-9412-7976E7AC664F}"
EndProject
Global
	GlobalSection(SolutionConfigurationPlatforms) = preSolution
		Debug|Any CPU = Debug|Any CPU
		Release|Any CPU = Release|Any CPU
	EndGlobalSection
	GlobalSection(ProjectConfigurationPlatforms) = postSolution
		{AD33D96A-4CF9-48F0-81E3-E2D27F3095B8}.Debug|Any CPU.ActiveCfg = Debug|Any CPU
		{AD33D96A-4CF9-48F0-81E3-E2D27F3095B8}.Debug|Any CPU.Build.0 = Debug|Any CPU
		{AD33D96A-4CF9-48F0-81E3-E2D27F3095B8}.Release|Any CPU.ActiveCfg = Release|Any CPU
		{AD33D96A-4CF9-48F0-81E3-E2D27F3095B8}.Release|Any CPU.Build.0 = Release|Any CPU
		{BF25F642-7799-48F8-BF55-4FFC1B5D8344}.Debug|Any CPU.ActiveCfg = Debug|Any CPU
		{BF25F642-7799-48F8-BF55-4FFC1B5D8344}.Debug|Any CPU.Build.0 = Debug|Any CPU
		{BF25F642-7799-48F8-BF55-4FFC1B5D8344}.Release|Any CPU.ActiveCfg = Release|Any CPU
		{BF25F642-7799-48F8-BF55-4FFC1B5D8344}.Release|Any CPU.Build.0 = Release|Any CPU
		{3D062DF4-74DA-495C-BDE1-AB7E678407FF}.Debug|Any CPU.ActiveCfg = Debug|Any CPU
		{3D062DF4-74DA-495C-BDE1-AB7E678407FF}.Debug|Any CPU.Build.0 = Debug|Any CPU
		{3D062DF4-74DA-495C-BDE1-AB7E678407FF}.Release|Any CPU.ActiveCfg = Release|Any CPU
		{3D062DF4-74DA-495C-BDE1-AB7E678407FF}.Release|Any CPU.Build.0 = Release|Any CPU
		{B60C1806-30D9-4C3E-AAA1-BE48650ACF77}.Debug|Any CPU.ActiveCfg = Debug|Any CPU
		{B60C1806-30D9-4C3E-AAA1-BE48650ACF77}.Debug|Any CPU.Build.0 = Debug|Any CPU
		{B60C1806-30D9-4C3E-AAA1-BE48650ACF77}.Release|Any CPU.ActiveCfg = Release|Any CPU
		{B60C1806-30D9-4C3E-AAA1-BE48650ACF77}.Release|Any CPU.Build.0 = Release|Any CPU
		{C29C0ECA-A544-4AE9-A71C-69414FAAAB52}.Debug|Any CPU.ActiveCfg = Debug|Any CPU
		{C29C0ECA-A544-4AE9-A71C-69414FAAAB52}.Debug|Any CPU.Build.0 = Debug|Any CPU
		{C29C0ECA-A544-4AE9-A71C-69414FAAAB52}.Release|Any CPU.ActiveCfg = Release|Any CPU
		{C29C0ECA-A544-4AE9-A71C-69414FAAAB52}.Release|Any CPU.Build.0 = Release|Any CPU
		{008FF26B-2937-40FD-86DE-86A5FF26A7D9}.Debug|Any CPU.ActiveCfg = Debug|Any CPU
		{008FF26B-2937-40FD-86DE-86A5FF26A7D9}.Debug|Any CPU.Build.0 = Debug|Any CPU
		{008FF26B-2937-40FD-86DE-86A5FF26A7D9}.Release|Any CPU.ActiveCfg = Release|Any CPU
		{008FF26B-2937-40FD-86DE-86A5FF26A7D9}.Release|Any CPU.Build.0 = Release|Any CPU
		{B6C7F64B-5307-44E8-9667-E61A27575B7C}.Debug|Any CPU.ActiveCfg = Debug|Any CPU
		{B6C7F64B-5307-44E8-9667-E61A27575B7C}.Debug|Any CPU.Build.0 = Debug|Any CPU
		{B6C7F64B-5307-44E8-9667-E61A27575B7C}.Release|Any CPU.ActiveCfg = Release|Any CPU
		{B6C7F64B-5307-44E8-9667-E61A27575B7C}.Release|Any CPU.Build.0 = Release|Any CPU
		{6D32D809-D2F7-46C6-B988-01456210D95D}.Debug|Any CPU.ActiveCfg = Debug|Any CPU
		{6D32D809-D2F7-46C6-B988-01456210D95D}.Debug|Any CPU.Build.0 = Debug|Any CPU
		{6D32D809-D2F7-46C6-B988-01456210D95D}.Release|Any CPU.ActiveCfg = Release|Any CPU
		{6D32D809-D2F7-46C6-B988-01456210D95D}.Release|Any CPU.Build.0 = Release|Any CPU
		{E99F730C-07E0-4169-881F-AFCEA4C728AE}.Debug|Any CPU.ActiveCfg = Debug|Any CPU
		{E99F730C-07E0-4169-881F-AFCEA4C728AE}.Debug|Any CPU.Build.0 = Debug|Any CPU
		{E99F730C-07E0-4169-881F-AFCEA4C728AE}.Release|Any CPU.ActiveCfg = Release|Any CPU
		{E99F730C-07E0-4169-881F-AFCEA4C728AE}.Release|Any CPU.Build.0 = Release|Any CPU
		{FB31F867-B299-4A98-9412-7976E7AC664F}.Debug|Any CPU.ActiveCfg = Debug|Any CPU
		{FB31F867-B299-4A98-9412-7976E7AC664F}.Debug|Any CPU.Build.0 = Debug|Any CPU
		{FB31F867-B299-4A98-9412-7976E7AC664F}.Release|Any CPU.ActiveCfg = Release|Any CPU
		{FB31F867-B299-4A98-9412-7976E7AC664F}.Release|Any CPU.Build.0 = Release|Any CPU
	EndGlobalSection
	GlobalSection(SolutionProperties) = preSolution
		HideSolutionNode = FALSE
	EndGlobalSection
	GlobalSection(NestedProjects) = preSolution
		{FB31F867-B299-4A98-9412-7976E7AC664F} = {01C57AB1-4F7A-40F6-8B22-46B630B28CAA}
	EndGlobalSection
	GlobalSection(ExtensibilityGlobals) = postSolution
		SolutionGuid = {03C40593-1C26-44CF-AF9B-1E3DE6CACAEE}
	EndGlobalSection
EndGlobal
