
Microsoft Visual Studio Solution File, Format Version 12.00
# Visual Studio Version 17
VisualStudioVersion = 17.9.34728.123
MinimumVisualStudioVersion = 10.0.40219.1
Project("{9A19103F-16F7-4668-BE54-9A1E7A4F7556}") = "StructureProgramming", "StructureProgramming\StructureProgramming.csproj", "{AD33D96A-4CF9-48F0-81E3-E2D27F3095B8}"
EndProject
Project("{FAE04EC0-301F-11D3-BF4B-00C04F79EFBC}") = "ObjectOrientedProgramming", "ObjectOrientedProgramming\ObjectOrientedProgramming.csproj", "{BF25F642-7799-48F8-BF55-4FFC1B5D8344}"
EndProject
Global
	GlobalSection(SolutionConfigurationPlatforms) = preSolution
		Debug|Any CPU = Debug|Any CPU
		Release|Any CPU = Release|Any CPU
	EndGlobalSection
	GlobalSection(ProjectConfigurationPlatforms) = postSolution
		{AD33D96A-4CF9-48F0-81E3-E2D27F3095B8}.Debug|Any CPU.ActiveCfg = Debug|Any CPU
		{AD33D96A-4CF9-48F0-81E3-E2D27F3095B8}.Debug|Any CPU.Build.0 = Debug|Any CPU
		{AD33D96A-4CF9-48F0-81E3-E2D27F3095B8}.Release|Any CPU.ActiveCfg = Release|Any CPU
		{AD33D96A-4CF9-48F0-81E3-E2D27F3095B8}.Release|Any CPU.Build.0 = Release|Any CPU
		{BF25F642-7799-48F8-BF55-4FFC1B5D8344}.Debug|Any CPU.ActiveCfg = Debug|Any CPU
		{BF25F642-7799-48F8-BF55-4FFC1B5D8344}.Debug|Any CPU.Build.0 = Debug|Any CPU
		{BF25F642-7799-48F8-BF55-4FFC1B5D8344}.Release|Any CPU.ActiveCfg = Release|Any CPU
		{BF25F642-7799-48F8-BF55-4FFC1B5D8344}.Release|Any CPU.Build.0 = Release|Any CPU
	EndGlobalSection
	GlobalSection(SolutionProperties) = preSolution
		HideSolutionNode = FALSE
	EndGlobalSection
	GlobalSection(ExtensibilityGlobals) = postSolution
		SolutionGuid = {03C40593-1C26-44CF-AF9B-1E3DE6CACAEE}
	EndGlobalSection
EndGlobal
